
Microsoft Visual Studio Solution File, Format Version 12.00
# Visual Studio Version 17
VisualStudioVersion = 17.7.34024.191
MinimumVisualStudioVersion = 10.0.40219.1
Project("{FAE04EC0-301F-11D3-BF4B-00C04F79EFBC}") = "Practice", "Practice\Practice.csproj", "{A66902FB-9F7D-4932-9B16-3976C7FC115D}"
EndProject
Global
	GlobalSection(SolutionConfigurationPlatforms) = preSolution
		Debug|Any CPU = Debug|Any CPU
		Release|Any CPU = Release|Any CPU
	EndGlobalSection
	GlobalSection(ProjectConfigurationPlatforms) = postSolution
		{A66902FB-9F7D-4932-9B16-3976C7FC115D}.Debug|Any CPU.ActiveCfg = Debug|Any CPU
		{A66902FB-9F7D-4932-9B16-3976C7FC115D}.Debug|Any CPU.Build.0 = Debug|Any CPU
		{A66902FB-9F7D-4932-9B16-3976C7FC115D}.Release|Any CPU.ActiveCfg = Release|Any CPU
		{A66902FB-9F7D-4932-9B16-3976C7FC115D}.Release|Any CPU.Build.0 = Release|Any CPU
	EndGlobalSection
	GlobalSection(SolutionProperties) = preSolution
		HideSolutionNode = FALSE
	EndGlobalSection
	GlobalSection(ExtensibilityGlobals) = postSolution
		SolutionGuid = {E37FB13D-4690-454A-BEA6-A6CCC17AE354}
	EndGlobalSection
EndGlobal
